// !$*UTF8*$!
{
	archiveVersion = 1;
	classes = {
	};
	objectVersion = 52;
	objects = {

/* Begin PBXBuildFile section */
		A31E695B466AE3985F2034FD /* Pods_Renew.framework in Frameworks */ = {isa = PBXBuildFile; fileRef = 7AA7E166873893B6DADDBC34 /* Pods_Renew.framework */; };
		B7A378A72469E26F009BF67A /* MainView.storyboard in Resources */ = {isa = PBXBuildFile; fileRef = B7A378A62469E26F009BF67A /* MainView.storyboard */; };
		B7A378AA2469E2E1009BF67A /* UIViewControllerExt.swift in Sources */ = {isa = PBXBuildFile; fileRef = B7A378A92469E2E1009BF67A /* UIViewControllerExt.swift */; };
		B7A378AD2469EB1E009BF67A /* MainTabController.swift in Sources */ = {isa = PBXBuildFile; fileRef = B7A378AC2469EB1E009BF67A /* MainTabController.swift */; };
		B7A378B02469F074009BF67A /* DatabaseService.swift in Sources */ = {isa = PBXBuildFile; fileRef = B7A378AF2469F074009BF67A /* DatabaseService.swift */; };
		B7A378B32469F4F0009BF67A /* Categories.swift in Sources */ = {isa = PBXBuildFile; fileRef = B7A378B22469F4F0009BF67A /* Categories.swift */; };
		B7A378BB2469F6E5009BF67A /* RenewTests.swift in Sources */ = {isa = PBXBuildFile; fileRef = B7A378BA2469F6E5009BF67A /* RenewTests.swift */; };
		B7A378C3246A0744009BF67A /* InfoViewController.swift in Sources */ = {isa = PBXBuildFile; fileRef = B7A378C2246A0744009BF67A /* InfoViewController.swift */; };
		B7A378C5246A0A2E009BF67A /* CategoryCell.swift in Sources */ = {isa = PBXBuildFile; fileRef = B7A378C4246A0A2E009BF67A /* CategoryCell.swift */; };
		B7A378C8246A11B6009BF67A /* ImageKit in Frameworks */ = {isa = PBXBuildFile; productRef = B7A378C7246A11B6009BF67A /* ImageKit */; };
		B7AE0B322458B5840080C28D /* AppDelegate.swift in Sources */ = {isa = PBXBuildFile; fileRef = B7AE0B312458B5840080C28D /* AppDelegate.swift */; };
		B7AE0B342458B5840080C28D /* SceneDelegate.swift in Sources */ = {isa = PBXBuildFile; fileRef = B7AE0B332458B5840080C28D /* SceneDelegate.swift */; };
		B7AE0B3B2458B58A0080C28D /* Assets.xcassets in Resources */ = {isa = PBXBuildFile; fileRef = B7AE0B3A2458B5890080C28D /* Assets.xcassets */; };
		B7AE0B3E2458B58A0080C28D /* LaunchScreen.storyboard in Resources */ = {isa = PBXBuildFile; fileRef = B7AE0B3C2458B58A0080C28D /* LaunchScreen.storyboard */; };
		B7D445462460720A009FECD9 /* GoogleService-Info.plist in Resources */ = {isa = PBXBuildFile; fileRef = B7D445452460720A009FECD9 /* GoogleService-Info.plist */; };
		F6318FCE2DAF9AD7FE0AFF88 /* Pods_RenewTests.framework in Frameworks */ = {isa = PBXBuildFile; fileRef = A12CB313D4449E6D02D4EE1E /* Pods_RenewTests.framework */; };
/* End PBXBuildFile section */

/* Begin PBXContainerItemProxy section */
		B7A378BD2469F6E5009BF67A /* PBXContainerItemProxy */ = {
			isa = PBXContainerItemProxy;
			containerPortal = B7AE0B262458B5840080C28D /* Project object */;
			proxyType = 1;
			remoteGlobalIDString = B7AE0B2D2458B5840080C28D;
			remoteInfo = Renew;
		};
/* End PBXContainerItemProxy section */

/* Begin PBXFileReference section */
		00801D0ACC45C1F64021C7E3 /* Pods-Renew.release.xcconfig */ = {isa = PBXFileReference; includeInIndex = 1; lastKnownFileType = text.xcconfig; name = "Pods-Renew.release.xcconfig"; path = "Target Support Files/Pods-Renew/Pods-Renew.release.xcconfig"; sourceTree = "<group>"; };
		7AA7E166873893B6DADDBC34 /* Pods_Renew.framework */ = {isa = PBXFileReference; explicitFileType = wrapper.framework; includeInIndex = 0; path = Pods_Renew.framework; sourceTree = BUILT_PRODUCTS_DIR; };
		A12CB313D4449E6D02D4EE1E /* Pods_RenewTests.framework */ = {isa = PBXFileReference; explicitFileType = wrapper.framework; includeInIndex = 0; path = Pods_RenewTests.framework; sourceTree = BUILT_PRODUCTS_DIR; };
		B7A378A62469E26F009BF67A /* MainView.storyboard */ = {isa = PBXFileReference; lastKnownFileType = file.storyboard; path = MainView.storyboard; sourceTree = "<group>"; };
		B7A378A92469E2E1009BF67A /* UIViewControllerExt.swift */ = {isa = PBXFileReference; lastKnownFileType = sourcecode.swift; path = UIViewControllerExt.swift; sourceTree = "<group>"; };
		B7A378AC2469EB1E009BF67A /* MainTabController.swift */ = {isa = PBXFileReference; lastKnownFileType = sourcecode.swift; path = MainTabController.swift; sourceTree = "<group>"; };
		B7A378AF2469F074009BF67A /* DatabaseService.swift */ = {isa = PBXFileReference; lastKnownFileType = sourcecode.swift; path = DatabaseService.swift; sourceTree = "<group>"; };
		B7A378B22469F4F0009BF67A /* Categories.swift */ = {isa = PBXFileReference; lastKnownFileType = sourcecode.swift; path = Categories.swift; sourceTree = "<group>"; };
		B7A378B82469F6E5009BF67A /* RenewTests.xctest */ = {isa = PBXFileReference; explicitFileType = wrapper.cfbundle; includeInIndex = 0; path = RenewTests.xctest; sourceTree = BUILT_PRODUCTS_DIR; };
		B7A378BA2469F6E5009BF67A /* RenewTests.swift */ = {isa = PBXFileReference; lastKnownFileType = sourcecode.swift; path = RenewTests.swift; sourceTree = "<group>"; };
		B7A378BC2469F6E5009BF67A /* Info.plist */ = {isa = PBXFileReference; lastKnownFileType = text.plist.xml; path = Info.plist; sourceTree = "<group>"; };
		B7A378C2246A0744009BF67A /* InfoViewController.swift */ = {isa = PBXFileReference; lastKnownFileType = sourcecode.swift; path = InfoViewController.swift; sourceTree = "<group>"; };
		B7A378C4246A0A2E009BF67A /* CategoryCell.swift */ = {isa = PBXFileReference; lastKnownFileType = sourcecode.swift; path = CategoryCell.swift; sourceTree = "<group>"; };
		B7AE0B2E2458B5840080C28D /* Renew.app */ = {isa = PBXFileReference; explicitFileType = wrapper.application; includeInIndex = 0; path = Renew.app; sourceTree = BUILT_PRODUCTS_DIR; };
		B7AE0B312458B5840080C28D /* AppDelegate.swift */ = {isa = PBXFileReference; lastKnownFileType = sourcecode.swift; path = AppDelegate.swift; sourceTree = "<group>"; };
		B7AE0B332458B5840080C28D /* SceneDelegate.swift */ = {isa = PBXFileReference; lastKnownFileType = sourcecode.swift; path = SceneDelegate.swift; sourceTree = "<group>"; };
		B7AE0B3A2458B5890080C28D /* Assets.xcassets */ = {isa = PBXFileReference; lastKnownFileType = folder.assetcatalog; path = Assets.xcassets; sourceTree = "<group>"; };
		B7AE0B3D2458B58A0080C28D /* Base */ = {isa = PBXFileReference; lastKnownFileType = file.storyboard; name = Base; path = Base.lproj/LaunchScreen.storyboard; sourceTree = "<group>"; };
		B7AE0B3F2458B58A0080C28D /* Info.plist */ = {isa = PBXFileReference; lastKnownFileType = text.plist.xml; path = Info.plist; sourceTree = "<group>"; };
		B7D445452460720A009FECD9 /* GoogleService-Info.plist */ = {isa = PBXFileReference; fileEncoding = 4; lastKnownFileType = text.plist.xml; path = "GoogleService-Info.plist"; sourceTree = "<group>"; };
		C553F6C0A4473D1893AD15B5 /* Pods-RenewTests.debug.xcconfig */ = {isa = PBXFileReference; includeInIndex = 1; lastKnownFileType = text.xcconfig; name = "Pods-RenewTests.debug.xcconfig"; path = "Target Support Files/Pods-RenewTests/Pods-RenewTests.debug.xcconfig"; sourceTree = "<group>"; };
		C6D00B0B40A4F7295602A6B6 /* Pods-Renew.debug.xcconfig */ = {isa = PBXFileReference; includeInIndex = 1; lastKnownFileType = text.xcconfig; name = "Pods-Renew.debug.xcconfig"; path = "Target Support Files/Pods-Renew/Pods-Renew.debug.xcconfig"; sourceTree = "<group>"; };
		E4E427FBAD5D450D6819A749 /* Pods-RenewTests.release.xcconfig */ = {isa = PBXFileReference; includeInIndex = 1; lastKnownFileType = text.xcconfig; name = "Pods-RenewTests.release.xcconfig"; path = "Target Support Files/Pods-RenewTests/Pods-RenewTests.release.xcconfig"; sourceTree = "<group>"; };
/* End PBXFileReference section */

/* Begin PBXFrameworksBuildPhase section */
		B7A378B52469F6E5009BF67A /* Frameworks */ = {
			isa = PBXFrameworksBuildPhase;
			buildActionMask = 2147483647;
			files = (
				F6318FCE2DAF9AD7FE0AFF88 /* Pods_RenewTests.framework in Frameworks */,
			);
			runOnlyForDeploymentPostprocessing = 0;
		};
		B7AE0B2B2458B5840080C28D /* Frameworks */ = {
			isa = PBXFrameworksBuildPhase;
			buildActionMask = 2147483647;
			files = (
				A31E695B466AE3985F2034FD /* Pods_Renew.framework in Frameworks */,
				B7A378C8246A11B6009BF67A /* ImageKit in Frameworks */,
			);
			runOnlyForDeploymentPostprocessing = 0;
		};
/* End PBXFrameworksBuildPhase section */

/* Begin PBXGroup section */
		80D2F0B88BF04EAFEEE9D30B /* Frameworks */ = {
			isa = PBXGroup;
			children = (
				7AA7E166873893B6DADDBC34 /* Pods_Renew.framework */,
				A12CB313D4449E6D02D4EE1E /* Pods_RenewTests.framework */,
			);
			name = Frameworks;
			sourceTree = "<group>";
		};
		9A2A504B8AF8DDA992DE9915 /* Pods */ = {
			isa = PBXGroup;
			children = (
				C6D00B0B40A4F7295602A6B6 /* Pods-Renew.debug.xcconfig */,
				00801D0ACC45C1F64021C7E3 /* Pods-Renew.release.xcconfig */,
				C553F6C0A4473D1893AD15B5 /* Pods-RenewTests.debug.xcconfig */,
				E4E427FBAD5D450D6819A749 /* Pods-RenewTests.release.xcconfig */,
			);
			path = Pods;
			sourceTree = "<group>";
		};
		B7A378A42469E154009BF67A /* Supporting */ = {
			isa = PBXGroup;
			children = (
				B7AE0B312458B5840080C28D /* AppDelegate.swift */,
				B7AE0B332458B5840080C28D /* SceneDelegate.swift */,
				B7AE0B3A2458B5890080C28D /* Assets.xcassets */,
			);
			name = Supporting;
			sourceTree = "<group>";
		};
		B7A378A52469E251009BF67A /* Storyboards */ = {
			isa = PBXGroup;
			children = (
				B7AE0B3C2458B58A0080C28D /* LaunchScreen.storyboard */,
				B7A378A62469E26F009BF67A /* MainView.storyboard */,
			);
			name = Storyboards;
			sourceTree = "<group>";
		};
		B7A378A82469E2CE009BF67A /* Extensions */ = {
			isa = PBXGroup;
			children = (
				B7A378A92469E2E1009BF67A /* UIViewControllerExt.swift */,
			);
			name = Extensions;
			sourceTree = "<group>";
		};
		B7A378AB2469E3EC009BF67A /* Controllers */ = {
			isa = PBXGroup;
			children = (
				B7A378AC2469EB1E009BF67A /* MainTabController.swift */,
				B7A378C2246A0744009BF67A /* InfoViewController.swift */,
			);
			name = Controllers;
			sourceTree = "<group>";
		};
		B7A378AE2469F058009BF67A /* Firebase Services */ = {
			isa = PBXGroup;
			children = (
				B7A378AF2469F074009BF67A /* DatabaseService.swift */,
			);
			name = "Firebase Services";
			sourceTree = "<group>";
		};
		B7A378B12469F4DD009BF67A /* Model */ = {
			isa = PBXGroup;
			children = (
				B7A378B22469F4F0009BF67A /* Categories.swift */,
				B7A378C4246A0A2E009BF67A /* CategoryCell.swift */,
			);
			name = Model;
			sourceTree = "<group>";
		};
		B7A378B92469F6E5009BF67A /* RenewTests */ = {
			isa = PBXGroup;
			children = (
				B7A378BA2469F6E5009BF67A /* RenewTests.swift */,
				B7A378BC2469F6E5009BF67A /* Info.plist */,
			);
			path = RenewTests;
			sourceTree = "<group>";
		};
		B7AE0B252458B5840080C28D = {
			isa = PBXGroup;
			children = (
				B7AE0B302458B5840080C28D /* Renew */,
				B7A378B92469F6E5009BF67A /* RenewTests */,
				B7AE0B2F2458B5840080C28D /* Products */,
				9A2A504B8AF8DDA992DE9915 /* Pods */,
				80D2F0B88BF04EAFEEE9D30B /* Frameworks */,
			);
			sourceTree = "<group>";
		};
		B7AE0B2F2458B5840080C28D /* Products */ = {
			isa = PBXGroup;
			children = (
				B7AE0B2E2458B5840080C28D /* Renew.app */,
				B7A378B82469F6E5009BF67A /* RenewTests.xctest */,
			);
			name = Products;
			sourceTree = "<group>";
		};
		B7AE0B302458B5840080C28D /* Renew */ = {
			isa = PBXGroup;
			children = (
				B7A378B12469F4DD009BF67A /* Model */,
				B7A378AE2469F058009BF67A /* Firebase Services */,
				B7A378A82469E2CE009BF67A /* Extensions */,
				B7E70E222458D41C0017C2A2 /* Secrets */,
				B7A378A42469E154009BF67A /* Supporting */,
				B7A378AB2469E3EC009BF67A /* Controllers */,
				B7A378A52469E251009BF67A /* Storyboards */,
				B7D445452460720A009FECD9 /* GoogleService-Info.plist */,
				B7AE0B3F2458B58A0080C28D /* Info.plist */,
			);
			path = Renew;
			sourceTree = "<group>";
		};
		B7E70E222458D41C0017C2A2 /* Secrets */ = {
			isa = PBXGroup;
			children = (
			);
			name = Secrets;
			sourceTree = "<group>";
		};
/* End PBXGroup section */

/* Begin PBXNativeTarget section */
		B7A378B72469F6E5009BF67A /* RenewTests */ = {
			isa = PBXNativeTarget;
			buildConfigurationList = B7A378BF2469F6E5009BF67A /* Build configuration list for PBXNativeTarget "RenewTests" */;
			buildPhases = (
				B4208135032653038A1E0820 /* [CP] Check Pods Manifest.lock */,
				B7A378B42469F6E5009BF67A /* Sources */,
				B7A378B52469F6E5009BF67A /* Frameworks */,
				B7A378B62469F6E5009BF67A /* Resources */,
				91A6F4CC8C5282F54883BE97 /* [CP] Embed Pods Frameworks */,
			);
			buildRules = (
			);
			dependencies = (
				B7A378BE2469F6E5009BF67A /* PBXTargetDependency */,
			);
			name = RenewTests;
			productName = RenewTests;
			productReference = B7A378B82469F6E5009BF67A /* RenewTests.xctest */;
			productType = "com.apple.product-type.bundle.unit-test";
		};
		B7AE0B2D2458B5840080C28D /* Renew */ = {
			isa = PBXNativeTarget;
			buildConfigurationList = B7AE0B422458B58A0080C28D /* Build configuration list for PBXNativeTarget "Renew" */;
			buildPhases = (
				38BB0F36DD7F8F599A9C306B /* [CP] Check Pods Manifest.lock */,
				B7AE0B2A2458B5840080C28D /* Sources */,
				B7AE0B2B2458B5840080C28D /* Frameworks */,
				B7AE0B2C2458B5840080C28D /* Resources */,
				1A4DCC04C00B162AEF33A99B /* [CP] Embed Pods Frameworks */,
			);
			buildRules = (
			);
			dependencies = (
			);
			name = Renew;
			packageProductDependencies = (
				B7A378C7246A11B6009BF67A /* ImageKit */,
			);
			productName = Renew;
			productReference = B7AE0B2E2458B5840080C28D /* Renew.app */;
			productType = "com.apple.product-type.application";
		};
/* End PBXNativeTarget section */

/* Begin PBXProject section */
		B7AE0B262458B5840080C28D /* Project object */ = {
			isa = PBXProject;
			attributes = {
				LastSwiftUpdateCheck = 1140;
				LastUpgradeCheck = 1140;
				ORGANIZATIONNAME = "Amy Alsaydi";
				TargetAttributes = {
					B7A378B72469F6E5009BF67A = {
						CreatedOnToolsVersion = 11.4.1;
						TestTargetID = B7AE0B2D2458B5840080C28D;
					};
					B7AE0B2D2458B5840080C28D = {
						CreatedOnToolsVersion = 11.4;
					};
				};
			};
			buildConfigurationList = B7AE0B292458B5840080C28D /* Build configuration list for PBXProject "Renew" */;
			compatibilityVersion = "Xcode 9.3";
			developmentRegion = en;
			hasScannedForEncodings = 0;
			knownRegions = (
				en,
				Base,
			);
			mainGroup = B7AE0B252458B5840080C28D;
			packageReferences = (
				B7A378C6246A11B6009BF67A /* XCRemoteSwiftPackageReference "ImageKit" */,
			);
			productRefGroup = B7AE0B2F2458B5840080C28D /* Products */;
			projectDirPath = "";
			projectRoot = "";
			targets = (
				B7AE0B2D2458B5840080C28D /* Renew */,
				B7A378B72469F6E5009BF67A /* RenewTests */,
			);
		};
/* End PBXProject section */

/* Begin PBXResourcesBuildPhase section */
		B7A378B62469F6E5009BF67A /* Resources */ = {
			isa = PBXResourcesBuildPhase;
			buildActionMask = 2147483647;
			files = (
			);
			runOnlyForDeploymentPostprocessing = 0;
		};
		B7AE0B2C2458B5840080C28D /* Resources */ = {
			isa = PBXResourcesBuildPhase;
			buildActionMask = 2147483647;
			files = (
				B7AE0B3E2458B58A0080C28D /* LaunchScreen.storyboard in Resources */,
				B7D445462460720A009FECD9 /* GoogleService-Info.plist in Resources */,
				B7A378A72469E26F009BF67A /* MainView.storyboard in Resources */,
				B7AE0B3B2458B58A0080C28D /* Assets.xcassets in Resources */,
			);
			runOnlyForDeploymentPostprocessing = 0;
		};
/* End PBXResourcesBuildPhase section */

/* Begin PBXShellScriptBuildPhase section */
		1A4DCC04C00B162AEF33A99B /* [CP] Embed Pods Frameworks */ = {
			isa = PBXShellScriptBuildPhase;
			buildActionMask = 2147483647;
			files = (
			);
			inputFileListPaths = (
				"${PODS_ROOT}/Target Support Files/Pods-Renew/Pods-Renew-frameworks-${CONFIGURATION}-input-files.xcfilelist",
			);
			name = "[CP] Embed Pods Frameworks";
			outputFileListPaths = (
				"${PODS_ROOT}/Target Support Files/Pods-Renew/Pods-Renew-frameworks-${CONFIGURATION}-output-files.xcfilelist",
			);
			runOnlyForDeploymentPostprocessing = 0;
			shellPath = /bin/sh;
			shellScript = "\"${PODS_ROOT}/Target Support Files/Pods-Renew/Pods-Renew-frameworks.sh\"\n";
			showEnvVarsInLog = 0;
		};
		38BB0F36DD7F8F599A9C306B /* [CP] Check Pods Manifest.lock */ = {
			isa = PBXShellScriptBuildPhase;
			buildActionMask = 2147483647;
			files = (
			);
			inputFileListPaths = (
			);
			inputPaths = (
				"${PODS_PODFILE_DIR_PATH}/Podfile.lock",
				"${PODS_ROOT}/Manifest.lock",
			);
			name = "[CP] Check Pods Manifest.lock";
			outputFileListPaths = (
			);
			outputPaths = (
				"$(DERIVED_FILE_DIR)/Pods-Renew-checkManifestLockResult.txt",
			);
			runOnlyForDeploymentPostprocessing = 0;
			shellPath = /bin/sh;
			shellScript = "diff \"${PODS_PODFILE_DIR_PATH}/Podfile.lock\" \"${PODS_ROOT}/Manifest.lock\" > /dev/null\nif [ $? != 0 ] ; then\n    # print error to STDERR\n    echo \"error: The sandbox is not in sync with the Podfile.lock. Run 'pod install' or update your CocoaPods installation.\" >&2\n    exit 1\nfi\n# This output is used by Xcode 'outputs' to avoid re-running this script phase.\necho \"SUCCESS\" > \"${SCRIPT_OUTPUT_FILE_0}\"\n";
			showEnvVarsInLog = 0;
		};
		91A6F4CC8C5282F54883BE97 /* [CP] Embed Pods Frameworks */ = {
			isa = PBXShellScriptBuildPhase;
			buildActionMask = 2147483647;
			files = (
			);
			inputFileListPaths = (
				"${PODS_ROOT}/Target Support Files/Pods-RenewTests/Pods-RenewTests-frameworks-${CONFIGURATION}-input-files.xcfilelist",
			);
			name = "[CP] Embed Pods Frameworks";
			outputFileListPaths = (
				"${PODS_ROOT}/Target Support Files/Pods-RenewTests/Pods-RenewTests-frameworks-${CONFIGURATION}-output-files.xcfilelist",
			);
			runOnlyForDeploymentPostprocessing = 0;
			shellPath = /bin/sh;
			shellScript = "\"${PODS_ROOT}/Target Support Files/Pods-RenewTests/Pods-RenewTests-frameworks.sh\"\n";
			showEnvVarsInLog = 0;
		};
		B4208135032653038A1E0820 /* [CP] Check Pods Manifest.lock */ = {
			isa = PBXShellScriptBuildPhase;
			buildActionMask = 2147483647;
			files = (
			);
			inputFileListPaths = (
			);
			inputPaths = (
				"${PODS_PODFILE_DIR_PATH}/Podfile.lock",
				"${PODS_ROOT}/Manifest.lock",
			);
			name = "[CP] Check Pods Manifest.lock";
			outputFileListPaths = (
			);
			outputPaths = (
				"$(DERIVED_FILE_DIR)/Pods-RenewTests-checkManifestLockResult.txt",
			);
			runOnlyForDeploymentPostprocessing = 0;
			shellPath = /bin/sh;
			shellScript = "diff \"${PODS_PODFILE_DIR_PATH}/Podfile.lock\" \"${PODS_ROOT}/Manifest.lock\" > /dev/null\nif [ $? != 0 ] ; then\n    # print error to STDERR\n    echo \"error: The sandbox is not in sync with the Podfile.lock. Run 'pod install' or update your CocoaPods installation.\" >&2\n    exit 1\nfi\n# This output is used by Xcode 'outputs' to avoid re-running this script phase.\necho \"SUCCESS\" > \"${SCRIPT_OUTPUT_FILE_0}\"\n";
			showEnvVarsInLog = 0;
		};
/* End PBXShellScriptBuildPhase section */

/* Begin PBXSourcesBuildPhase section */
		B7A378B42469F6E5009BF67A /* Sources */ = {
			isa = PBXSourcesBuildPhase;
			buildActionMask = 2147483647;
			files = (
				B7A378BB2469F6E5009BF67A /* RenewTests.swift in Sources */,
			);
			runOnlyForDeploymentPostprocessing = 0;
		};
		B7AE0B2A2458B5840080C28D /* Sources */ = {
			isa = PBXSourcesBuildPhase;
			buildActionMask = 2147483647;
			files = (
				B7AE0B322458B5840080C28D /* AppDelegate.swift in Sources */,
				B7A378B02469F074009BF67A /* DatabaseService.swift in Sources */,
				B7A378AD2469EB1E009BF67A /* MainTabController.swift in Sources */,
				B7A378C5246A0A2E009BF67A /* CategoryCell.swift in Sources */,
				B7A378C3246A0744009BF67A /* InfoViewController.swift in Sources */,
				B7A378AA2469E2E1009BF67A /* UIViewControllerExt.swift in Sources */,
				B7AE0B342458B5840080C28D /* SceneDelegate.swift in Sources */,
				B7A378B32469F4F0009BF67A /* Categories.swift in Sources */,
			);
			runOnlyForDeploymentPostprocessing = 0;
		};
/* End PBXSourcesBuildPhase section */

/* Begin PBXTargetDependency section */
		B7A378BE2469F6E5009BF67A /* PBXTargetDependency */ = {
			isa = PBXTargetDependency;
			target = B7AE0B2D2458B5840080C28D /* Renew */;
			targetProxy = B7A378BD2469F6E5009BF67A /* PBXContainerItemProxy */;
		};
/* End PBXTargetDependency section */

/* Begin PBXVariantGroup section */
		B7AE0B3C2458B58A0080C28D /* LaunchScreen.storyboard */ = {
			isa = PBXVariantGroup;
			children = (
				B7AE0B3D2458B58A0080C28D /* Base */,
			);
			name = LaunchScreen.storyboard;
			sourceTree = "<group>";
		};
/* End PBXVariantGroup section */

/* Begin XCBuildConfiguration section */
		B7A378C02469F6E5009BF67A /* Debug */ = {
			isa = XCBuildConfiguration;
			baseConfigurationReference = C553F6C0A4473D1893AD15B5 /* Pods-RenewTests.debug.xcconfig */;
			buildSettings = {
				BUNDLE_LOADER = "$(TEST_HOST)";
				CODE_SIGN_STYLE = Automatic;
				DEVELOPMENT_TEAM = WDT827LK75;
				INFOPLIST_FILE = RenewTests/Info.plist;
				LD_RUNPATH_SEARCH_PATHS = (
					"$(inherited)",
					"@executable_path/Frameworks",
					"@loader_path/Frameworks",
				);
				PRODUCT_BUNDLE_IDENTIFIER = com.Amy.RenewTests;
				PRODUCT_NAME = "$(TARGET_NAME)";
				SWIFT_VERSION = 5.0;
				TARGETED_DEVICE_FAMILY = "1,2";
				TEST_HOST = "$(BUILT_PRODUCTS_DIR)/Renew.app/Renew";
			};
			name = Debug;
		};
		B7A378C12469F6E5009BF67A /* Release */ = {
			isa = XCBuildConfiguration;
			baseConfigurationReference = E4E427FBAD5D450D6819A749 /* Pods-RenewTests.release.xcconfig */;
			buildSettings = {
				BUNDLE_LOADER = "$(TEST_HOST)";
				CODE_SIGN_STYLE = Automatic;
				DEVELOPMENT_TEAM = WDT827LK75;
				INFOPLIST_FILE = RenewTests/Info.plist;
				LD_RUNPATH_SEARCH_PATHS = (
					"$(inherited)",
					"@executable_path/Frameworks",
					"@loader_path/Frameworks",
				);
				PRODUCT_BUNDLE_IDENTIFIER = com.Amy.RenewTests;
				PRODUCT_NAME = "$(TARGET_NAME)";
				SWIFT_VERSION = 5.0;
				TARGETED_DEVICE_FAMILY = "1,2";
				TEST_HOST = "$(BUILT_PRODUCTS_DIR)/Renew.app/Renew";
			};
			name = Release;
		};
		B7AE0B402458B58A0080C28D /* Debug */ = {
			isa = XCBuildConfiguration;
			buildSettings = {
				ALWAYS_SEARCH_USER_PATHS = NO;
				CLANG_ANALYZER_NONNULL = YES;
				CLANG_ANALYZER_NUMBER_OBJECT_CONVERSION = YES_AGGRESSIVE;
				CLANG_CXX_LANGUAGE_STANDARD = "gnu++14";
				CLANG_CXX_LIBRARY = "libc++";
				CLANG_ENABLE_MODULES = YES;
				CLANG_ENABLE_OBJC_ARC = YES;
				CLANG_ENABLE_OBJC_WEAK = YES;
				CLANG_WARN_BLOCK_CAPTURE_AUTORELEASING = YES;
				CLANG_WARN_BOOL_CONVERSION = YES;
				CLANG_WARN_COMMA = YES;
				CLANG_WARN_CONSTANT_CONVERSION = YES;
				CLANG_WARN_DEPRECATED_OBJC_IMPLEMENTATIONS = YES;
				CLANG_WARN_DIRECT_OBJC_ISA_USAGE = YES_ERROR;
				CLANG_WARN_DOCUMENTATION_COMMENTS = YES;
				CLANG_WARN_EMPTY_BODY = YES;
				CLANG_WARN_ENUM_CONVERSION = YES;
				CLANG_WARN_INFINITE_RECURSION = YES;
				CLANG_WARN_INT_CONVERSION = YES;
				CLANG_WARN_NON_LITERAL_NULL_CONVERSION = YES;
				CLANG_WARN_OBJC_IMPLICIT_RETAIN_SELF = YES;
				CLANG_WARN_OBJC_LITERAL_CONVERSION = YES;
				CLANG_WARN_OBJC_ROOT_CLASS = YES_ERROR;
				CLANG_WARN_RANGE_LOOP_ANALYSIS = YES;
				CLANG_WARN_STRICT_PROTOTYPES = YES;
				CLANG_WARN_SUSPICIOUS_MOVE = YES;
				CLANG_WARN_UNGUARDED_AVAILABILITY = YES_AGGRESSIVE;
				CLANG_WARN_UNREACHABLE_CODE = YES;
				CLANG_WARN__DUPLICATE_METHOD_MATCH = YES;
				COPY_PHASE_STRIP = NO;
				DEBUG_INFORMATION_FORMAT = dwarf;
				ENABLE_STRICT_OBJC_MSGSEND = YES;
				ENABLE_TESTABILITY = YES;
				GCC_C_LANGUAGE_STANDARD = gnu11;
				GCC_DYNAMIC_NO_PIC = NO;
				GCC_NO_COMMON_BLOCKS = YES;
				GCC_OPTIMIZATION_LEVEL = 0;
				GCC_PREPROCESSOR_DEFINITIONS = (
					"DEBUG=1",
					"$(inherited)",
				);
				GCC_WARN_64_TO_32_BIT_CONVERSION = YES;
				GCC_WARN_ABOUT_RETURN_TYPE = YES_ERROR;
				GCC_WARN_UNDECLARED_SELECTOR = YES;
				GCC_WARN_UNINITIALIZED_AUTOS = YES_AGGRESSIVE;
				GCC_WARN_UNUSED_FUNCTION = YES;
				GCC_WARN_UNUSED_VARIABLE = YES;
				IPHONEOS_DEPLOYMENT_TARGET = 13.4;
				MTL_ENABLE_DEBUG_INFO = INCLUDE_SOURCE;
				MTL_FAST_MATH = YES;
				ONLY_ACTIVE_ARCH = YES;
				SDKROOT = iphoneos;
				SWIFT_ACTIVE_COMPILATION_CONDITIONS = DEBUG;
				SWIFT_OPTIMIZATION_LEVEL = "-Onone";
			};
			name = Debug;
		};
		B7AE0B412458B58A0080C28D /* Release */ = {
			isa = XCBuildConfiguration;
			buildSettings = {
				ALWAYS_SEARCH_USER_PATHS = NO;
				CLANG_ANALYZER_NONNULL = YES;
				CLANG_ANALYZER_NUMBER_OBJECT_CONVERSION = YES_AGGRESSIVE;
				CLANG_CXX_LANGUAGE_STANDARD = "gnu++14";
				CLANG_CXX_LIBRARY = "libc++";
				CLANG_ENABLE_MODULES = YES;
				CLANG_ENABLE_OBJC_ARC = YES;
				CLANG_ENABLE_OBJC_WEAK = YES;
				CLANG_WARN_BLOCK_CAPTURE_AUTORELEASING = YES;
				CLANG_WARN_BOOL_CONVERSION = YES;
				CLANG_WARN_COMMA = YES;
				CLANG_WARN_CONSTANT_CONVERSION = YES;
				CLANG_WARN_DEPRECATED_OBJC_IMPLEMENTATIONS = YES;
				CLANG_WARN_DIRECT_OBJC_ISA_USAGE = YES_ERROR;
				CLANG_WARN_DOCUMENTATION_COMMENTS = YES;
				CLANG_WARN_EMPTY_BODY = YES;
				CLANG_WARN_ENUM_CONVERSION = YES;
				CLANG_WARN_INFINITE_RECURSION = YES;
				CLANG_WARN_INT_CONVERSION = YES;
				CLANG_WARN_NON_LITERAL_NULL_CONVERSION = YES;
				CLANG_WARN_OBJC_IMPLICIT_RETAIN_SELF = YES;
				CLANG_WARN_OBJC_LITERAL_CONVERSION = YES;
				CLANG_WARN_OBJC_ROOT_CLASS = YES_ERROR;
				CLANG_WARN_RANGE_LOOP_ANALYSIS = YES;
				CLANG_WARN_STRICT_PROTOTYPES = YES;
				CLANG_WARN_SUSPICIOUS_MOVE = YES;
				CLANG_WARN_UNGUARDED_AVAILABILITY = YES_AGGRESSIVE;
				CLANG_WARN_UNREACHABLE_CODE = YES;
				CLANG_WARN__DUPLICATE_METHOD_MATCH = YES;
				COPY_PHASE_STRIP = NO;
				DEBUG_INFORMATION_FORMAT = "dwarf-with-dsym";
				ENABLE_NS_ASSERTIONS = NO;
				ENABLE_STRICT_OBJC_MSGSEND = YES;
				GCC_C_LANGUAGE_STANDARD = gnu11;
				GCC_NO_COMMON_BLOCKS = YES;
				GCC_WARN_64_TO_32_BIT_CONVERSION = YES;
				GCC_WARN_ABOUT_RETURN_TYPE = YES_ERROR;
				GCC_WARN_UNDECLARED_SELECTOR = YES;
				GCC_WARN_UNINITIALIZED_AUTOS = YES_AGGRESSIVE;
				GCC_WARN_UNUSED_FUNCTION = YES;
				GCC_WARN_UNUSED_VARIABLE = YES;
				IPHONEOS_DEPLOYMENT_TARGET = 13.4;
				MTL_ENABLE_DEBUG_INFO = NO;
				MTL_FAST_MATH = YES;
				SDKROOT = iphoneos;
				SWIFT_COMPILATION_MODE = wholemodule;
				SWIFT_OPTIMIZATION_LEVEL = "-O";
				VALIDATE_PRODUCT = YES;
			};
			name = Release;
		};
		B7AE0B432458B58A0080C28D /* Debug */ = {
			isa = XCBuildConfiguration;
			baseConfigurationReference = C6D00B0B40A4F7295602A6B6 /* Pods-Renew.debug.xcconfig */;
			buildSettings = {
				ASSETCATALOG_COMPILER_APPICON_NAME = AppIcon;
				CODE_SIGN_STYLE = Automatic;
				DEVELOPMENT_TEAM = WDT827LK75;
				INFOPLIST_FILE = Renew/Info.plist;
				LD_RUNPATH_SEARCH_PATHS = (
					"$(inherited)",
					"@executable_path/Frameworks",
				);
				PRODUCT_BUNDLE_IDENTIFIER = com.Amy.Renew;
				PRODUCT_NAME = "$(TARGET_NAME)";
				SWIFT_VERSION = 5.0;
				TARGETED_DEVICE_FAMILY = "1,2";
			};
			name = Debug;
		};
		B7AE0B442458B58A0080C28D /* Release */ = {
			isa = XCBuildConfiguration;
			baseConfigurationReference = 00801D0ACC45C1F64021C7E3 /* Pods-Renew.release.xcconfig */;
			buildSettings = {
				ASSETCATALOG_COMPILER_APPICON_NAME = AppIcon;
				CODE_SIGN_STYLE = Automatic;
				DEVELOPMENT_TEAM = WDT827LK75;
				INFOPLIST_FILE = Renew/Info.plist;
				LD_RUNPATH_SEARCH_PATHS = (
					"$(inherited)",
					"@executable_path/Frameworks",
				);
				PRODUCT_BUNDLE_IDENTIFIER = com.Amy.Renew;
				PRODUCT_NAME = "$(TARGET_NAME)";
				SWIFT_VERSION = 5.0;
				TARGETED_DEVICE_FAMILY = "1,2";
			};
			name = Release;
		};
/* End XCBuildConfiguration section */

/* Begin XCConfigurationList section */
		B7A378BF2469F6E5009BF67A /* Build configuration list for PBXNativeTarget "RenewTests" */ = {
			isa = XCConfigurationList;
			buildConfigurations = (
				B7A378C02469F6E5009BF67A /* Debug */,
				B7A378C12469F6E5009BF67A /* Release */,
			);
			defaultConfigurationIsVisible = 0;
			defaultConfigurationName = Release;
		};
		B7AE0B292458B5840080C28D /* Build configuration list for PBXProject "Renew" */ = {
			isa = XCConfigurationList;
			buildConfigurations = (
				B7AE0B402458B58A0080C28D /* Debug */,
				B7AE0B412458B58A0080C28D /* Release */,
			);
			defaultConfigurationIsVisible = 0;
			defaultConfigurationName = Release;
		};
		B7AE0B422458B58A0080C28D /* Build configuration list for PBXNativeTarget "Renew" */ = {
			isa = XCConfigurationList;
			buildConfigurations = (
				B7AE0B432458B58A0080C28D /* Debug */,
				B7AE0B442458B58A0080C28D /* Release */,
			);
			defaultConfigurationIsVisible = 0;
			defaultConfigurationName = Release;
		};
/* End XCConfigurationList section */

/* Begin XCRemoteSwiftPackageReference section */
		B7A378C6246A11B6009BF67A /* XCRemoteSwiftPackageReference "ImageKit" */ = {
			isa = XCRemoteSwiftPackageReference;
			repositoryURL = "https://github.com/alexpaul/ImageKit";
			requirement = {
				kind = upToNextMajorVersion;
				minimumVersion = 1.0.5;
			};
		};
/* End XCRemoteSwiftPackageReference section */

/* Begin XCSwiftPackageProductDependency section */
		B7A378C7246A11B6009BF67A /* ImageKit */ = {
			isa = XCSwiftPackageProductDependency;
			package = B7A378C6246A11B6009BF67A /* XCRemoteSwiftPackageReference "ImageKit" */;
			productName = ImageKit;
		};
/* End XCSwiftPackageProductDependency section */
	};
	rootObject = B7AE0B262458B5840080C28D /* Project object */;
}
